{
  "nodes": {
    "nixpkgs": {
      "locked": {
        "lastModified": 1750969886,
        "narHash": "sha256-zW/OFnotiz/ndPFdebpo3X0CrbVNf22n4DjN2vxlb58=",
        "ref": "nixos-25.05",
        "rev": "a676066377a2fe7457369dd37c31fd2263b662f4",
        "shallow": true,
        "type": "git",
        "url": "https://git.k93.sh/mirrors/nixpkgs.git"
      },
      "original": {
        "ref": "nixos-25.05",
        "shallow": true,
        "type": "git",
        "url": "https://git.k93.sh/mirrors/nixpkgs.git"
      }
    },
    "root": {
      "inputs": {
        "nixpkgs": "nixpkgs",
        "rust": "rust",
        "schemas": "schemas"
      }
    },
    "rust": {
      "inputs": {
        "nixpkgs": [
          "nixpkgs"
        ]
      },
      "locked": {
        "lastModified": 1751078221,
        "narHash": "sha256-/SRmXIPxL7ixFLZgcDdgZDuIwt8eWQAamMYer0ODwbM=",
        "ref": "refs/heads/master",
        "rev": "1712a6d3430ca75353d366b7ddd1c79d6b243efc",
        "shallow": true,
        "type": "git",
        "url": "https://git.k93.sh/mirrors/rust-overlay.git"
      },
      "original": {
        "shallow": true,
        "type": "git",
        "url": "https://git.k93.sh/mirrors/rust-overlay.git"
      }
    },
    "schemas": {
      "locked": {
        "lastModified": 1747430042,
        "narHash": "sha256-FXBkQaQ2wptf06JpD9d8FsQcyj1wmSttq7eZIXxqiz4=",
        "ref": "refs/heads/main",
        "rev": "d0e74ee9a30eda4cc153b7f1e347043680834180",
        "shallow": true,
        "type": "git",
        "url": "https://git.k93.sh/mirrors/flake-schemas.git"
      },
      "original": {
        "shallow": true,
        "type": "git",
        "url": "https://git.k93.sh/mirrors/flake-schemas.git"
      }
    }
  },
  "root": "root",
  "version": 7
}
